// !$*UTF8*$!
{
	archiveVersion = 1;
	classes = {
	};
	objectVersion = 46;
	objects = {

/* Begin PBXBuildFile section */
		A5AE4FC51F46CAA4009881F1 /* main.m in Sources */ = {isa = PBXBuildFile; fileRef = A5AE4FC41F46CAA4009881F1 /* main.m */; };
		A5AE4FC81F46CAA4009881F1 /* AppDelegate.m in Sources */ = {isa = PBXBuildFile; fileRef = A5AE4FC71F46CAA4009881F1 /* AppDelegate.m */; };
		A5AE4FCB1F46CAA4009881F1 /* ViewController.m in Sources */ = {isa = PBXBuildFile; fileRef = A5AE4FCA1F46CAA4009881F1 /* ViewController.m */; };
		A5AE4FCE1F46CAA4009881F1 /* Main.storyboard in Resources */ = {isa = PBXBuildFile; fileRef = A5AE4FCC1F46CAA4009881F1 /* Main.storyboard */; };
		A5AE4FD01F46CAA4009881F1 /* Assets.xcassets in Resources */ = {isa = PBXBuildFile; fileRef = A5AE4FCF1F46CAA4009881F1 /* Assets.xcassets */; };
		A5AE4FD31F46CAA4009881F1 /* LaunchScreen.storyboard in Resources */ = {isa = PBXBuildFile; fileRef = A5AE4FD11F46CAA4009881F1 /* LaunchScreen.storyboard */; };
		A5AE4FDE1F46CAA4009881F1 /* iosDemoTests.m in Sources */ = {isa = PBXBuildFile; fileRef = A5AE4FDD1F46CAA4009881F1 /* iosDemoTests.m */; };
		A5AE4FE91F46CAA4009881F1 /* iosDemoUITests.m in Sources */ = {isa = PBXBuildFile; fileRef = A5AE4FE81F46CAA4009881F1 /* iosDemoUITests.m */; };
/* End PBXBuildFile section */

/* Begin PBXContainerItemProxy section */
		A5AE4FDA1F46CAA4009881F1 /* PBXContainerItemProxy */ = {
			isa = PBXContainerItemProxy;
			containerPortal = A5AE4FB81F46CAA4009881F1 /* Project object */;
			proxyType = 1;
			remoteGlobalIDString = A5AE4FBF1F46CAA4009881F1;
			remoteInfo = iosDemo;
		};
		A5AE4FE51F46CAA4009881F1 /* PBXContainerItemProxy */ = {
			isa = PBXContainerItemProxy;
			containerPortal = A5AE4FB81F46CAA4009881F1 /* Project object */;
			proxyType = 1;
			remoteGlobalIDString = A5AE4FBF1F46CAA4009881F1;
			remoteInfo = iosDemo;
		};
/* End PBXContainerItemProxy section */

/* Begin PBXFileReference section */
		A5AE4FC01F46CAA4009881F1 /* iosDemo.app */ = {isa = PBXFileReference; explicitFileType = wrapper.application; includeInIndex = 0; path = iosDemo.app; sourceTree = BUILT_PRODUCTS_DIR; };
		A5AE4FC41F46CAA4009881F1 /* main.m */ = {isa = PBXFileReference; lastKnownFileType = sourcecode.c.objc; path = main.m; sourceTree = "<group>"; };
		A5AE4FC61F46CAA4009881F1 /* AppDelegate.h */ = {isa = PBXFileReference; lastKnownFileType = sourcecode.c.h; path = AppDelegate.h; sourceTree = "<group>"; };
		A5AE4FC71F46CAA4009881F1 /* AppDelegate.m */ = {isa = PBXFileReference; lastKnownFileType = sourcecode.c.objc; path = AppDelegate.m; sourceTree = "<group>"; };
		A5AE4FC91F46CAA4009881F1 /* ViewController.h */ = {isa = PBXFileReference; lastKnownFileType = sourcecode.c.h; path = ViewController.h; sourceTree = "<group>"; };
		A5AE4FCA1F46CAA4009881F1 /* ViewController.m */ = {isa = PBXFileReference; lastKnownFileType = sourcecode.c.objc; path = ViewController.m; sourceTree = "<group>"; };
		A5AE4FCD1F46CAA4009881F1 /* Base */ = {isa = PBXFileReference; lastKnownFileType = file.storyboard; name = Base; path = Base.lproj/Main.storyboard; sourceTree = "<group>"; };
		A5AE4FCF1F46CAA4009881F1 /* Assets.xcassets */ = {isa = PBXFileReference; lastKnownFileType = folder.assetcatalog; path = Assets.xcassets; sourceTree = "<group>"; };
		A5AE4FD21F46CAA4009881F1 /* Base */ = {isa = PBXFileReference; lastKnownFileType = file.storyboard; name = Base; path = Base.lproj/LaunchScreen.storyboard; sourceTree = "<group>"; };
		A5AE4FD41F46CAA4009881F1 /* Info.plist */ = {isa = PBXFileReference; lastKnownFileType = text.plist.xml; path = Info.plist; sourceTree = "<group>"; };
		A5AE4FD91F46CAA4009881F1 /* iosDemoTests.xctest */ = {isa = PBXFileReference; explicitFileType = wrapper.cfbundle; includeInIndex = 0; path = iosDemoTests.xctest; sourceTree = BUILT_PRODUCTS_DIR; };
		A5AE4FDD1F46CAA4009881F1 /* iosDemoTests.m */ = {isa = PBXFileReference; lastKnownFileType = sourcecode.c.objc; path = iosDemoTests.m; sourceTree = "<group>"; };
		A5AE4FDF1F46CAA4009881F1 /* Info.plist */ = {isa = PBXFileReference; lastKnownFileType = text.plist.xml; path = Info.plist; sourceTree = "<group>"; };
		A5AE4FE41F46CAA4009881F1 /* iosDemoUITests.xctest */ = {isa = PBXFileReference; explicitFileType = wrapper.cfbundle; includeInIndex = 0; path = iosDemoUITests.xctest; sourceTree = BUILT_PRODUCTS_DIR; };
		A5AE4FE81F46CAA4009881F1 /* iosDemoUITests.m */ = {isa = PBXFileReference; lastKnownFileType = sourcecode.c.objc; path = iosDemoUITests.m; sourceTree = "<group>"; };
		A5AE4FEA1F46CAA4009881F1 /* Info.plist */ = {isa = PBXFileReference; lastKnownFileType = text.plist.xml; path = Info.plist; sourceTree = "<group>"; };
/* End PBXFileReference section */

/* Begin PBXFrameworksBuildPhase section */
		A5AE4FBD1F46CAA4009881F1 /* Frameworks */ = {
			isa = PBXFrameworksBuildPhase;
			buildActionMask = 2147483647;
			files = (
			);
			runOnlyForDeploymentPostprocessing = 0;
		};
		A5AE4FD61F46CAA4009881F1 /* Frameworks */ = {
			isa = PBXFrameworksBuildPhase;
			buildActionMask = 2147483647;
			files = (
			);
			runOnlyForDeploymentPostprocessing = 0;
		};
		A5AE4FE11F46CAA4009881F1 /* Frameworks */ = {
			isa = PBXFrameworksBuildPhase;
			buildActionMask = 2147483647;
			files = (
			);
			runOnlyForDeploymentPostprocessing = 0;
		};
/* End PBXFrameworksBuildPhase section */

/* Begin PBXGroup section */
		A5AE4FB71F46CAA4009881F1 = {
			isa = PBXGroup;
			children = (
				A5AE4FC21F46CAA4009881F1 /* iosDemo */,
				A5AE4FDC1F46CAA4009881F1 /* iosDemoTests */,
				A5AE4FE71F46CAA4009881F1 /* iosDemoUITests */,
				A5AE4FC11F46CAA4009881F1 /* Products */,
			);
			sourceTree = "<group>";
		};
		A5AE4FC11F46CAA4009881F1 /* Products */ = {
			isa = PBXGroup;
			children = (
				A5AE4FC01F46CAA4009881F1 /* iosDemo.app */,
				A5AE4FD91F46CAA4009881F1 /* iosDemoTests.xctest */,
				A5AE4FE41F46CAA4009881F1 /* iosDemoUITests.xctest */,
			);
			name = Products;
			sourceTree = "<group>";
		};
		A5AE4FC21F46CAA4009881F1 /* iosDemo */ = {
			isa = PBXGroup;
			children = (
				A5AE4FC61F46CAA4009881F1 /* AppDelegate.h */,
				A5AE4FC71F46CAA4009881F1 /* AppDelegate.m */,
				A5AE4FC91F46CAA4009881F1 /* ViewController.h */,
				A5AE4FCA1F46CAA4009881F1 /* ViewController.m */,
				A5AE4FCC1F46CAA4009881F1 /* Main.storyboard */,
				A5AE4FCF1F46CAA4009881F1 /* Assets.xcassets */,
				A5AE4FD11F46CAA4009881F1 /* LaunchScreen.storyboard */,
				A5AE4FD41F46CAA4009881F1 /* Info.plist */,
				A5AE4FC31F46CAA4009881F1 /* Supporting Files */,
			);
			path = iosDemo;
			sourceTree = "<group>";
		};
		A5AE4FC31F46CAA4009881F1 /* Supporting Files */ = {
			isa = PBXGroup;
			children = (
				A5AE4FC41F46CAA4009881F1 /* main.m */,
			);
			name = "Supporting Files";
			sourceTree = "<group>";
		};
		A5AE4FDC1F46CAA4009881F1 /* iosDemoTests */ = {
			isa = PBXGroup;
			children = (
				A5AE4FDD1F46CAA4009881F1 /* iosDemoTests.m */,
				A5AE4FDF1F46CAA4009881F1 /* Info.plist */,
			);
			path = iosDemoTests;
			sourceTree = "<group>";
		};
		A5AE4FE71F46CAA4009881F1 /* iosDemoUITests */ = {
			isa = PBXGroup;
			children = (
				A5AE4FE81F46CAA4009881F1 /* iosDemoUITests.m */,
				A5AE4FEA1F46CAA4009881F1 /* Info.plist */,
			);
			path = iosDemoUITests;
			sourceTree = "<group>";
		};
/* End PBXGroup section */

/* Begin PBXNativeTarget section */
		A5AE4FBF1F46CAA4009881F1 /* iosDemo */ = {
			isa = PBXNativeTarget;
			buildConfigurationList = A5AE4FED1F46CAA4009881F1 /* Build configuration list for PBXNativeTarget "iosDemo" */;
			buildPhases = (
				A5AE4FBC1F46CAA4009881F1 /* Sources */,
				A5AE4FBD1F46CAA4009881F1 /* Frameworks */,
				A5AE4FBE1F46CAA4009881F1 /* Resources */,
			);
			buildRules = (
			);
			dependencies = (
			);
			name = iosDemo;
			productName = iosDemo;
			productReference = A5AE4FC01F46CAA4009881F1 /* iosDemo.app */;
			productType = "com.apple.product-type.application";
		};
		A5AE4FD81F46CAA4009881F1 /* iosDemoTests */ = {
			isa = PBXNativeTarget;
			buildConfigurationList = A5AE4FF01F46CAA4009881F1 /* Build configuration list for PBXNativeTarget "iosDemoTests" */;
			buildPhases = (
				A5AE4FD51F46CAA4009881F1 /* Sources */,
				A5AE4FD61F46CAA4009881F1 /* Frameworks */,
				A5AE4FD71F46CAA4009881F1 /* Resources */,
			);
			buildRules = (
			);
			dependencies = (
				A5AE4FDB1F46CAA4009881F1 /* PBXTargetDependency */,
			);
			name = iosDemoTests;
			productName = iosDemoTests;
			productReference = A5AE4FD91F46CAA4009881F1 /* iosDemoTests.xctest */;
			productType = "com.apple.product-type.bundle.unit-test";
		};
		A5AE4FE31F46CAA4009881F1 /* iosDemoUITests */ = {
			isa = PBXNativeTarget;
			buildConfigurationList = A5AE4FF31F46CAA4009881F1 /* Build configuration list for PBXNativeTarget "iosDemoUITests" */;
			buildPhases = (
				A5AE4FE01F46CAA4009881F1 /* Sources */,
				A5AE4FE11F46CAA4009881F1 /* Frameworks */,
				A5AE4FE21F46CAA4009881F1 /* Resources */,
			);
			buildRules = (
			);
			dependencies = (
				A5AE4FE61F46CAA4009881F1 /* PBXTargetDependency */,
			);
			name = iosDemoUITests;
			productName = iosDemoUITests;
			productReference = A5AE4FE41F46CAA4009881F1 /* iosDemoUITests.xctest */;
			productType = "com.apple.product-type.bundle.ui-testing";
		};
/* End PBXNativeTarget section */

/* Begin PBXProject section */
		A5AE4FB81F46CAA4009881F1 /* Project object */ = {
			isa = PBXProject;
			attributes = {
				LastUpgradeCheck = 0830;
				ORGANIZATIONNAME = hx_grx;
				TargetAttributes = {
					A5AE4FBF1F46CAA4009881F1 = {
						CreatedOnToolsVersion = 8.3.2;
						ProvisioningStyle = Automatic;
					};
					A5AE4FD81F46CAA4009881F1 = {
						CreatedOnToolsVersion = 8.3.2;
						ProvisioningStyle = Automatic;
						TestTargetID = A5AE4FBF1F46CAA4009881F1;
					};
					A5AE4FE31F46CAA4009881F1 = {
						CreatedOnToolsVersion = 8.3.2;
						ProvisioningStyle = Automatic;
						TestTargetID = A5AE4FBF1F46CAA4009881F1;
					};
				};
			};
			buildConfigurationList = A5AE4FBB1F46CAA4009881F1 /* Build configuration list for PBXProject "iosDemo" */;
			compatibilityVersion = "Xcode 3.2";
			developmentRegion = English;
			hasScannedForEncodings = 0;
			knownRegions = (
				en,
				Base,
			);
			mainGroup = A5AE4FB71F46CAA4009881F1;
			productRefGroup = A5AE4FC11F46CAA4009881F1 /* Products */;
			projectDirPath = "";
			projectRoot = "";
			targets = (
				A5AE4FBF1F46CAA4009881F1 /* iosDemo */,
				A5AE4FD81F46CAA4009881F1 /* iosDemoTests */,
				A5AE4FE31F46CAA4009881F1 /* iosDemoUITests */,
			);
		};
/* End PBXProject section */

/* Begin PBXResourcesBuildPhase section */
		A5AE4FBE1F46CAA4009881F1 /* Resources */ = {
			isa = PBXResourcesBuildPhase;
			buildActionMask = 2147483647;
			files = (
				A5AE4FD31F46CAA4009881F1 /* LaunchScreen.storyboard in Resources */,
				A5AE4FD01F46CAA4009881F1 /* Assets.xcassets in Resources */,
				A5AE4FCE1F46CAA4009881F1 /* Main.storyboard in Resources */,
			);
			runOnlyForDeploymentPostprocessing = 0;
		};
		A5AE4FD71F46CAA4009881F1 /* Resources */ = {
			isa = PBXResourcesBuildPhase;
			buildActionMask = 2147483647;
			files = (
			);
			runOnlyForDeploymentPostprocessing = 0;
		};
		A5AE4FE21F46CAA4009881F1 /* Resources */ = {
			isa = PBXResourcesBuildPhase;
			buildActionMask = 2147483647;
			files = (
			);
			runOnlyForDeploymentPostprocessing = 0;
		};
/* End PBXResourcesBuildPhase section */

/* Begin PBXSourcesBuildPhase section */
		A5AE4FBC1F46CAA4009881F1 /* Sources */ = {
			isa = PBXSourcesBuildPhase;
			buildActionMask = 2147483647;
			files = (
				A5AE4FCB1F46CAA4009881F1 /* ViewController.m in Sources */,
				A5AE4FC81F46CAA4009881F1 /* AppDelegate.m in Sources */,
				A5AE4FC51F46CAA4009881F1 /* main.m in Sources */,
			);
			runOnlyForDeploymentPostprocessing = 0;
		};
		A5AE4FD51F46CAA4009881F1 /* Sources */ = {
			isa = PBXSourcesBuildPhase;
			buildActionMask = 2147483647;
			files = (
				A5AE4FDE1F46CAA4009881F1 /* iosDemoTests.m in Sources */,
			);
			runOnlyForDeploymentPostprocessing = 0;
		};
		A5AE4FE01F46CAA4009881F1 /* Sources */ = {
			isa = PBXSourcesBuildPhase;
			buildActionMask = 2147483647;
			files = (
				A5AE4FE91F46CAA4009881F1 /* iosDemoUITests.m in Sources */,
			);
			runOnlyForDeploymentPostprocessing = 0;
		};
/* End PBXSourcesBuildPhase section */

/* Begin PBXTargetDependency section */
		A5AE4FDB1F46CAA4009881F1 /* PBXTargetDependency */ = {
			isa = PBXTargetDependency;
			target = A5AE4FBF1F46CAA4009881F1 /* iosDemo */;
			targetProxy = A5AE4FDA1F46CAA4009881F1 /* PBXContainerItemProxy */;
		};
		A5AE4FE61F46CAA4009881F1 /* PBXTargetDependency */ = {
			isa = PBXTargetDependency;
			target = A5AE4FBF1F46CAA4009881F1 /* iosDemo */;
			targetProxy = A5AE4FE51F46CAA4009881F1 /* PBXContainerItemProxy */;
		};
/* End PBXTargetDependency section */

/* Begin PBXVariantGroup section */
		A5AE4FCC1F46CAA4009881F1 /* Main.storyboard */ = {
			isa = PBXVariantGroup;
			children = (
				A5AE4FCD1F46CAA4009881F1 /* Base */,
			);
			name = Main.storyboard;
			sourceTree = "<group>";
		};
		A5AE4FD11F46CAA4009881F1 /* LaunchScreen.storyboard */ = {
			isa = PBXVariantGroup;
			children = (
				A5AE4FD21F46CAA4009881F1 /* Base */,
			);
			name = LaunchScreen.storyboard;
			sourceTree = "<group>";
		};
/* End PBXVariantGroup section */

/* Begin XCBuildConfiguration section */
		A5AE4FEB1F46CAA4009881F1 /* Debug */ = {
			isa = XCBuildConfiguration;
			buildSettings = {
				ALWAYS_SEARCH_USER_PATHS = NO;
				CLANG_ANALYZER_NONNULL = YES;
				CLANG_ANALYZER_NUMBER_OBJECT_CONVERSION = YES_AGGRESSIVE;
				CLANG_CXX_LANGUAGE_STANDARD = "gnu++0x";
				CLANG_CXX_LIBRARY = "libc++";
				CLANG_ENABLE_MODULES = YES;
				CLANG_ENABLE_OBJC_ARC = YES;
				CLANG_WARN_BOOL_CONVERSION = YES;
				CLANG_WARN_CONSTANT_CONVERSION = YES;
				CLANG_WARN_DIRECT_OBJC_ISA_USAGE = YES_ERROR;
				CLANG_WARN_DOCUMENTATION_COMMENTS = YES;
				CLANG_WARN_EMPTY_BODY = YES;
				CLANG_WARN_ENUM_CONVERSION = YES;
				CLANG_WARN_INFINITE_RECURSION = YES;
				CLANG_WARN_INT_CONVERSION = YES;
				CLANG_WARN_OBJC_ROOT_CLASS = YES_ERROR;
				CLANG_WARN_SUSPICIOUS_MOVE = YES;
				CLANG_WARN_UNREACHABLE_CODE = YES;
				CLANG_WARN__DUPLICATE_METHOD_MATCH = YES;
				"CODE_SIGN_IDENTITY[sdk=iphoneos*]" = "iPhone Developer";
				COPY_PHASE_STRIP = NO;
				DEBUG_INFORMATION_FORMAT = dwarf;
				ENABLE_STRICT_OBJC_MSGSEND = YES;
				ENABLE_TESTABILITY = YES;
				GCC_C_LANGUAGE_STANDARD = gnu99;
				GCC_DYNAMIC_NO_PIC = NO;
				GCC_NO_COMMON_BLOCKS = YES;
				GCC_OPTIMIZATION_LEVEL = 0;
				GCC_PREPROCESSOR_DEFINITIONS = (
					"DEBUG=1",
					"$(inherited)",
				);
				GCC_WARN_64_TO_32_BIT_CONVERSION = YES;
				GCC_WARN_ABOUT_RETURN_TYPE = YES_ERROR;
				GCC_WARN_UNDECLARED_SELECTOR = YES;
				GCC_WARN_UNINITIALIZED_AUTOS = YES_AGGRESSIVE;
				GCC_WARN_UNUSED_FUNCTION = YES;
				GCC_WARN_UNUSED_VARIABLE = YES;
				IPHONEOS_DEPLOYMENT_TARGET = 10.3;
				MTL_ENABLE_DEBUG_INFO = YES;
				ONLY_ACTIVE_ARCH = YES;
				SDKROOT = iphoneos;
				TARGETED_DEVICE_FAMILY = "1,2";
			};
			name = Debug;
		};
		A5AE4FEC1F46CAA4009881F1 /* Release */ = {
			isa = XCBuildConfiguration;
			buildSettings = {
				ALWAYS_SEARCH_USER_PATHS = NO;
				CLANG_ANALYZER_NONNULL = YES;
				CLANG_ANALYZER_NUMBER_OBJECT_CONVERSION = YES_AGGRESSIVE;
				CLANG_CXX_LANGUAGE_STANDARD = "gnu++0x";
				CLANG_CXX_LIBRARY = "libc++";
				CLANG_ENABLE_MODULES = YES;
				CLANG_ENABLE_OBJC_ARC = YES;
				CLANG_WARN_BOOL_CONVERSION = YES;
				CLANG_WARN_CONSTANT_CONVERSION = YES;
				CLANG_WARN_DIRECT_OBJC_ISA_USAGE = YES_ERROR;
				CLANG_WARN_DOCUMENTATION_COMMENTS = YES;
				CLANG_WARN_EMPTY_BODY = YES;
				CLANG_WARN_ENUM_CONVERSION = YES;
				CLANG_WARN_INFINITE_RECURSION = YES;
				CLANG_WARN_INT_CONVERSION = YES;
				CLANG_WARN_OBJC_ROOT_CLASS = YES_ERROR;
				CLANG_WARN_SUSPICIOUS_MOVE = YES;
				CLANG_WARN_UNREACHABLE_CODE = YES;
				CLANG_WARN__DUPLICATE_METHOD_MATCH = YES;
				"CODE_SIGN_IDENTITY[sdk=iphoneos*]" = "iPhone Developer";
				COPY_PHASE_STRIP = NO;
				DEBUG_INFORMATION_FORMAT = "dwarf-with-dsym";
				ENABLE_NS_ASSERTIONS = NO;
				ENABLE_STRICT_OBJC_MSGSEND = YES;
				GCC_C_LANGUAGE_STANDARD = gnu99;
				GCC_NO_COMMON_BLOCKS = YES;
				GCC_WARN_64_TO_32_BIT_CONVERSION = YES;
				GCC_WARN_ABOUT_RETURN_TYPE = YES_ERROR;
				GCC_WARN_UNDECLARED_SELECTOR = YES;
				GCC_WARN_UNINITIALIZED_AUTOS = YES_AGGRESSIVE;
				GCC_WARN_UNUSED_FUNCTION = YES;
				GCC_WARN_UNUSED_VARIABLE = YES;
				IPHONEOS_DEPLOYMENT_TARGET = 10.3;
				MTL_ENABLE_DEBUG_INFO = NO;
				SDKROOT = iphoneos;
				TARGETED_DEVICE_FAMILY = "1,2";
				VALIDATE_PRODUCT = YES;
			};
			name = Release;
		};
		A5AE4FEE1F46CAA4009881F1 /* Debug */ = {
			isa = XCBuildConfiguration;
			buildSettings = {
				ASSETCATALOG_COMPILER_APPICON_NAME = AppIcon;
				INFOPLIST_FILE = iosDemo/Info.plist;
				LD_RUNPATH_SEARCH_PATHS = "$(inherited) @executable_path/Frameworks";
				PRODUCT_BUNDLE_IDENTIFIER = hx.iosDemo;
				PRODUCT_NAME = "$(TARGET_NAME)";
			};
			name = Debug;
		};
		A5AE4FEF1F46CAA4009881F1 /* Release */ = {
			isa = XCBuildConfiguration;
			buildSettings = {
				ASSETCATALOG_COMPILER_APPICON_NAME = AppIcon;
				INFOPLIST_FILE = iosDemo/Info.plist;
				LD_RUNPATH_SEARCH_PATHS = "$(inherited) @executable_path/Frameworks";
				PRODUCT_BUNDLE_IDENTIFIER = hx.iosDemo;
				PRODUCT_NAME = "$(TARGET_NAME)";
			};
			name = Release;
		};
		A5AE4FF11F46CAA4009881F1 /* Debug */ = {
			isa = XCBuildConfiguration;
			buildSettings = {
				BUNDLE_LOADER = "$(TEST_HOST)";
				INFOPLIST_FILE = iosDemoTests/Info.plist;
				LD_RUNPATH_SEARCH_PATHS = "$(inherited) @executable_path/Frameworks @loader_path/Frameworks";
				PRODUCT_BUNDLE_IDENTIFIER = hx.iosDemoTests;
				PRODUCT_NAME = "$(TARGET_NAME)";
				TEST_HOST = "$(BUILT_PRODUCTS_DIR)/iosDemo.app/iosDemo";
			};
			name = Debug;
		};
		A5AE4FF21F46CAA4009881F1 /* Release */ = {
			isa = XCBuildConfiguration;
			buildSettings = {
				BUNDLE_LOADER = "$(TEST_HOST)";
				INFOPLIST_FILE = iosDemoTests/Info.plist;
				LD_RUNPATH_SEARCH_PATHS = "$(inherited) @executable_path/Frameworks @loader_path/Frameworks";
				PRODUCT_BUNDLE_IDENTIFIER = hx.iosDemoTests;
				PRODUCT_NAME = "$(TARGET_NAME)";
				TEST_HOST = "$(BUILT_PRODUCTS_DIR)/iosDemo.app/iosDemo";
			};
			name = Release;
		};
		A5AE4FF41F46CAA4009881F1 /* Debug */ = {
			isa = XCBuildConfiguration;
			buildSettings = {
				INFOPLIST_FILE = iosDemoUITests/Info.plist;
				LD_RUNPATH_SEARCH_PATHS = "$(inherited) @executable_path/Frameworks @loader_path/Frameworks";
				PRODUCT_BUNDLE_IDENTIFIER = hx.iosDemoUITests;
				PRODUCT_NAME = "$(TARGET_NAME)";
				TEST_TARGET_NAME = iosDemo;
			};
			name = Debug;
		};
		A5AE4FF51F46CAA4009881F1 /* Release */ = {
			isa = XCBuildConfiguration;
			buildSettings = {
				INFOPLIST_FILE = iosDemoUITests/Info.plist;
				LD_RUNPATH_SEARCH_PATHS = "$(inherited) @executable_path/Frameworks @loader_path/Frameworks";
				PRODUCT_BUNDLE_IDENTIFIER = hx.iosDemoUITests;
				PRODUCT_NAME = "$(TARGET_NAME)";
				TEST_TARGET_NAME = iosDemo;
			};
			name = Release;
		};
/* End XCBuildConfiguration section */

/* Begin XCConfigurationList section */
		A5AE4FBB1F46CAA4009881F1 /* Build configuration list for PBXProject "iosDemo" */ = {
			isa = XCConfigurationList;
			buildConfigurations = (
				A5AE4FEB1F46CAA4009881F1 /* Debug */,
				A5AE4FEC1F46CAA4009881F1 /* Release */,
			);
			defaultConfigurationIsVisible = 0;
			defaultConfigurationName = Release;
		};
		A5AE4FED1F46CAA4009881F1 /* Build configuration list for PBXNativeTarget "iosDemo" */ = {
			isa = XCConfigurationList;
			buildConfigurations = (
				A5AE4FEE1F46CAA4009881F1 /* Debug */,
				A5AE4FEF1F46CAA4009881F1 /* Release */,
			);
			defaultConfigurationIsVisible = 0;
		};
		A5AE4FF01F46CAA4009881F1 /* Build configuration list for PBXNativeTarget "iosDemoTests" */ = {
			isa = XCConfigurationList;
			buildConfigurations = (
				A5AE4FF11F46CAA4009881F1 /* Debug */,
				A5AE4FF21F46CAA4009881F1 /* Release */,
			);
			defaultConfigurationIsVisible = 0;
		};
		A5AE4FF31F46CAA4009881F1 /* Build configuration list for PBXNativeTarget "iosDemoUITests" */ = {
			isa = XCConfigurationList;
			buildConfigurations = (
				A5AE4FF41F46CAA4009881F1 /* Debug */,
				A5AE4FF51F46CAA4009881F1 /* Release */,
			);
			defaultConfigurationIsVisible = 0;
		};
/* End XCConfigurationList section */
	};
	rootObject = A5AE4FB81F46CAA4009881F1 /* Project object */;
}
